
Microsoft Visual Studio Solution File, Format Version 12.00
# Visual Studio Version 17
VisualStudioVersion = 17.9.34728.123
MinimumVisualStudioVersion = 10.0.40219.1
Project("{FAE04EC0-301F-11D3-BF4B-00C04F79EFBC}") = "Coral.Service", "Coral.Service\Coral.Service.csproj", "{BAD9ED1A-E19C-44B4-9ECE-7B3CB9567EEE}"
EndProject
Project("{FAE04EC0-301F-11D3-BF4B-00C04F79EFBC}") = "Coral.Application", "Coral.Application\Coral.Application.csproj", "{F2E636E0-8CFA-4436-B45C-85BFC4342105}"
EndProject
Project("{FAE04EC0-301F-11D3-BF4B-00C04F79EFBC}") = "Coral.Infrastructure", "Coral.Infrastructure\Coral.Infrastructure.csproj", "{431A2687-A4F3-4702-9938-B0271290171F}"
EndProject
Project("{FAE04EC0-301F-11D3-BF4B-00C04F79EFBC}") = "Coral.Domain", "Coral.Domain\Coral.Domain.csproj", "{252C314B-604B-4A42-B1C0-FC609581341E}"
EndProject
Project("{FAE04EC0-301F-11D3-BF4B-00C04F79EFBC}") = "Coral.Contract", "Coral.Contract\Coral.Contract.csproj", "{2AE3C123-7E2A-4404-B3F8-8B42D9F341F7}"
EndProject
Global
	GlobalSection(SolutionConfigurationPlatforms) = preSolution
		Debug|Any CPU = Debug|Any CPU
		Release|Any CPU = Release|Any CPU
	EndGlobalSection
	GlobalSection(ProjectConfigurationPlatforms) = postSolution
		{BAD9ED1A-E19C-44B4-9ECE-7B3CB9567EEE}.Debug|Any CPU.ActiveCfg = Debug|Any CPU
		{BAD9ED1A-E19C-44B4-9ECE-7B3CB9567EEE}.Debug|Any CPU.Build.0 = Debug|Any CPU
		{BAD9ED1A-E19C-44B4-9ECE-7B3CB9567EEE}.Release|Any CPU.ActiveCfg = Release|Any CPU
		{BAD9ED1A-E19C-44B4-9ECE-7B3CB9567EEE}.Release|Any CPU.Build.0 = Release|Any CPU
		{F2E636E0-8CFA-4436-B45C-85BFC4342105}.Debug|Any CPU.ActiveCfg = Debug|Any CPU
		{F2E636E0-8CFA-4436-B45C-85BFC4342105}.Debug|Any CPU.Build.0 = Debug|Any CPU
		{F2E636E0-8CFA-4436-B45C-85BFC4342105}.Release|Any CPU.ActiveCfg = Release|Any CPU
		{F2E636E0-8CFA-4436-B45C-85BFC4342105}.Release|Any CPU.Build.0 = Release|Any CPU
		{431A2687-A4F3-4702-9938-B0271290171F}.Debug|Any CPU.ActiveCfg = Debug|Any CPU
		{431A2687-A4F3-4702-9938-B0271290171F}.Debug|Any CPU.Build.0 = Debug|Any CPU
		{431A2687-A4F3-4702-9938-B0271290171F}.Release|Any CPU.ActiveCfg = Release|Any CPU
		{431A2687-A4F3-4702-9938-B0271290171F}.Release|Any CPU.Build.0 = Release|Any CPU
		{252C314B-604B-4A42-B1C0-FC609581341E}.Debug|Any CPU.ActiveCfg = Debug|Any CPU
		{252C314B-604B-4A42-B1C0-FC609581341E}.Debug|Any CPU.Build.0 = Debug|Any CPU
		{252C314B-604B-4A42-B1C0-FC609581341E}.Release|Any CPU.ActiveCfg = Release|Any CPU
		{252C314B-604B-4A42-B1C0-FC609581341E}.Release|Any CPU.Build.0 = Release|Any CPU
		{2AE3C123-7E2A-4404-B3F8-8B42D9F341F7}.Debug|Any CPU.ActiveCfg = Debug|Any CPU
		{2AE3C123-7E2A-4404-B3F8-8B42D9F341F7}.Debug|Any CPU.Build.0 = Debug|Any CPU
		{2AE3C123-7E2A-4404-B3F8-8B42D9F341F7}.Release|Any CPU.ActiveCfg = Release|Any CPU
		{2AE3C123-7E2A-4404-B3F8-8B42D9F341F7}.Release|Any CPU.Build.0 = Release|Any CPU
	EndGlobalSection
	GlobalSection(SolutionProperties) = preSolution
		HideSolutionNode = FALSE
	EndGlobalSection
	GlobalSection(ExtensibilityGlobals) = postSolution
		SolutionGuid = {6AE0E2F6-898F-4A06-A610-CEAF32E0B608}
	EndGlobalSection
EndGlobal
